{
  "name": "agent-relay-monorepo",
  "version": "0.1.0",
  "lockfileVersion": 3,
  "requires": true,
  "packages": {
    "": {
      "name": "agent-relay-monorepo",
      "version": "0.1.0",
      "workspaces": [
        "apps/*",
        "packages/*"
      ],
      "devDependencies": {
        "@types/node": "^20.14.0",
        "@types/ws": "^8.5.10",
        "typescript": "^5.6.0"
      },
      "engines": {
        "node": ">=18"
      }
    },
    "apps/cli": {
      "name": "agent-relay",
      "version": "0.1.0",
      "dependencies": {
        "@agent-relay/agent-runtime": "*",
        "@agent-relay/protocol": "*",
        "@agent-relay/sdk": "*",
        "@agent-relay/shared": "*",
        "commander": "^13.0.0"
      },
      "bin": {
        "agent-relay": "dist/index.js"
      },
      "engines": {
        "node": ">=18"
      }
    },
    "apps/relay-server": {
      "name": "@agent-relay/relay-server",
      "version": "0.1.0",
      "dependencies": {
        "@agent-relay/protocol": "*",
        "@agent-relay/shared": "*",
        "@hono/node-server": "^1.13.0",
        "hono": "^4.6.0",
        "ws": "^8.18.0"
      },
      "bin": {
        "agent-relay-server": "dist/index.js"
      }
    },
    "node_modules/@agent-relay/agent-runtime": {
      "resolved": "packages/agent-runtime",
      "link": true
    },
    "node_modules/@agent-relay/protocol": {
      "resolved": "packages/protocol",
      "link": true
    },
    "node_modules/@agent-relay/relay-server": {
      "resolved": "apps/relay-server",
      "link": true
    },
    "node_modules/@agent-relay/sdk": {
      "resolved": "packages/sdk",
      "link": true
    },
    "node_modules/@agent-relay/shared": {
      "resolved": "packages/shared",
      "link": true
    },
    "node_modules/@hono/node-server": {
      "version": "1.19.17",
      "resolved": "https://registry.npmmirror.com/@hono/node-server/-/node-server-1.19.17.tgz",
      "integrity": "sha512-dSneS5qhiauZWGDCeK4o695Xd9nUNjviSZCMQrj10eetr8Uln1ucn6bbphOM6UynAMMtNIzZNSpL9vnASJwrPQ==",
      "license": "MIT",
      "engines": {
        "node": ">=18.14.1"
      },
      "peerDependencies": {
        "hono": "^4"
      }
    },
    "node_modules/@types/node": {
      "version": "20.19.43",
      "resolved": "https://registry.npmmirror.com/@types/node/-/node-20.19.43.tgz",
      "integrity": "sha512-6oYBAi5ikg4Pl+kGsoYtawUMBT2zZMCvPNF7pVLnHZfd1zf38DRiWn/gT01RYCdUqkv7Fhr+C9ot4/tb+2sVvA==",
      "dev": true,
      "license": "MIT",
      "dependencies": {
        "undici-types": "~6.21.0"
      }
    },
    "node_modules/@types/ws": {
      "version": "8.18.1",
      "resolved": "https://registry.npmmirror.com/@types/ws/-/ws-8.18.1.tgz",
      "integrity": "sha512-ThVF6DCVhA8kUGy+aazFQ4kXQ7E1Ty7A3ypFOe0IcJV8O/M511G99AW24irKrW56Wt44yG9+ij8FaqoBGkuBXg==",
      "dev": true,
      "license": "MIT",
      "dependencies": {
        "@types/node": "*"
      }
    },
    "node_modules/agent-relay": {
      "resolved": "apps/cli",
      "link": true
    },
    "node_modules/commander": {
      "version": "13.1.0",
      "resolved": "https://registry.npmmirror.com/commander/-/commander-13.1.0.tgz",
      "integrity": "sha512-/rFeCpNJQbhSZjGVwO9RFV3xPqbnERS8MmIQzCtD/zl6gpJuV/bMLuN92oG3F7d8oDEHHRrujSXNUr8fpjntKw==",
      "license": "MIT",
      "engines": {
        "node": ">=18"
      }
    },
    "node_modules/hono": {
      "version": "4.13.3",
      "resolved": "https://registry.npmmirror.com/hono/-/hono-4.13.3.tgz",
      "integrity": "sha512-r8AO2mYHoLxSHkgafNeC/BXyb2vWRxD3jem4Ts+ptav8oTG5FIRifAjuJEmZI4bSvvc2ns0GxmIYiZnHqN3mMw==",
      "license": "MIT",
      "engines": {
        "node": ">=16.9.0"
      }
    },
    "node_modules/typescript": {
      "version": "5.9.3",
      "resolved": "https://registry.npmmirror.com/typescript/-/typescript-5.9.3.tgz",
      "integrity": "sha512-jl1vZzPDinLr9eUt3J/t7V6FgNEw9QjvBPdysz9KfQDD41fQrC2Y4vKQdiaUpFT4bXlb1RHhLpp8wtm6M5TgSw==",
      "dev": true,
      "license": "Apache-2.0",
      "bin": {
        "tsc": "bin/tsc",
        "tsserver": "bin/tsserver"
      },
      "engines": {
        "node": ">=14.17"
      }
    },
    "node_modules/undici-types": {
      "version": "6.21.0",
      "resolved": "https://registry.npmmirror.com/undici-types/-/undici-types-6.21.0.tgz",
      "integrity": "sha512-iwDZqg0QAGrg9Rav5H4n0M64c3mkR59cJ6wQp+7C4nI0gsmExaedaYLNO44eT4AtBBwjbTiGPMlt2Md0T9H9JQ==",
      "dev": true,
      "license": "MIT"
    },
    "node_modules/ws": {
      "version": "8.21.3",
      "resolved": "https://registry.npmmirror.com/ws/-/ws-8.21.3.tgz",
      "integrity": "sha512-201TZ/kPWxoPr/OKWjquZR1SWKXcvxdH+e1xrx89b3YbmzLMFCLfnaG1HFIgWzJOEWZ7MvpK++odZufgYR50Rw==",
      "license": "MIT",
      "engines": {
        "node": ">=10.0.0"
      },
      "peerDependencies": {
        "bufferutil": "^4.0.1",
        "utf-8-validate": ">=5.0.2"
      },
      "peerDependenciesMeta": {
        "bufferutil": {
          "optional": true
        },
        "utf-8-validate": {
          "optional": true
        }
      }
    },
    "packages/agent-runtime": {
      "name": "@agent-relay/agent-runtime",
      "version": "0.1.0",
      "dependencies": {
        "@agent-relay/protocol": "*"
      }
    },
    "packages/protocol": {
      "name": "@agent-relay/protocol",
      "version": "0.1.0"
    },
    "packages/sdk": {
      "name": "@agent-relay/sdk",
      "version": "0.1.0",
      "dependencies": {
        "@agent-relay/protocol": "*",
        "ws": "^8.18.0"
      }
    },
    "packages/shared": {
      "name": "@agent-relay/shared",
      "version": "0.1.0"
    }
  }
}
